// !$*UTF8*$!
{
	archiveVersion = 1;
	classes = {
	};
	objectVersion = 46;
	objects = {

/* Begin PBXBuildFile section */
		501DD7BE1BBAB2F500E335E1 /* Constants.swift in Sources */ = {isa = PBXBuildFile; fileRef = 501DD7BD1BBAB2F500E335E1 /* Constants.swift */; settings = {ASSET_TAGS = (); }; };
		501DD7BF1BBAB2F500E335E1 /* Constants.swift in Sources */ = {isa = PBXBuildFile; fileRef = 501DD7BD1BBAB2F500E335E1 /* Constants.swift */; settings = {ASSET_TAGS = (); }; };
		501E2B371B621B540039FED3 /* WeatherForecast.swift in Sources */ = {isa = PBXBuildFile; fileRef = 501E2B361B621B540039FED3 /* WeatherForecast.swift */; };
		501E2B381B621B910039FED3 /* WeatherForecast.swift in Sources */ = {isa = PBXBuildFile; fileRef = 501E2B361B621B540039FED3 /* WeatherForecast.swift */; };
		502B35F91B32F9E600DDC4B2 /* AppDelegate.swift in Sources */ = {isa = PBXBuildFile; fileRef = 502B35F81B32F9E600DDC4B2 /* AppDelegate.swift */; };
		502B35FB1B32F9E600DDC4B2 /* ViewController.swift in Sources */ = {isa = PBXBuildFile; fileRef = 502B35FA1B32F9E600DDC4B2 /* ViewController.swift */; };
		502B35FE1B32F9E600DDC4B2 /* Main.storyboard in Resources */ = {isa = PBXBuildFile; fileRef = 502B35FC1B32F9E600DDC4B2 /* Main.storyboard */; };
		502B36001B32F9E600DDC4B2 /* Assets.xcassets in Resources */ = {isa = PBXBuildFile; fileRef = 502B35FF1B32F9E600DDC4B2 /* Assets.xcassets */; };
		502B36031B32F9E600DDC4B2 /* LaunchScreen.storyboard in Resources */ = {isa = PBXBuildFile; fileRef = 502B36011B32F9E600DDC4B2 /* LaunchScreen.storyboard */; };
		502B36101B33173300DDC4B2 /* Interface.storyboard in Resources */ = {isa = PBXBuildFile; fileRef = 502B360E1B33173300DDC4B2 /* Interface.storyboard */; };
		502B36121B33173300DDC4B2 /* Assets.xcassets in Resources */ = {isa = PBXBuildFile; fileRef = 502B36111B33173300DDC4B2 /* Assets.xcassets */; };
		502B36191B33173300DDC4B2 /* WatchApp Extension.appex in Embed App Extensions */ = {isa = PBXBuildFile; fileRef = 502B36181B33173300DDC4B2 /* WatchApp Extension.appex */; settings = {ATTRIBUTES = (RemoveHeadersOnCopy, ); }; };
		502B361E1B33173300DDC4B2 /* InterfaceController.swift in Sources */ = {isa = PBXBuildFile; fileRef = 502B361D1B33173300DDC4B2 /* InterfaceController.swift */; };
		502B36201B33173300DDC4B2 /* ExtensionDelegate.swift in Sources */ = {isa = PBXBuildFile; fileRef = 502B361F1B33173300DDC4B2 /* ExtensionDelegate.swift */; };
		502B36221B33173300DDC4B2 /* ComplicationController.swift in Sources */ = {isa = PBXBuildFile; fileRef = 502B36211B33173300DDC4B2 /* ComplicationController.swift */; };
		502B36241B33173400DDC4B2 /* Assets.xcassets in Resources */ = {isa = PBXBuildFile; fileRef = 502B36231B33173400DDC4B2 /* Assets.xcassets */; };
		502B36281B33173400DDC4B2 /* WatchApp.app in Embed Watch Content */ = {isa = PBXBuildFile; fileRef = 502B360C1B33173300DDC4B2 /* WatchApp.app */; };
		502B36321B33FF5900DDC4B2 /* CoreLocation.framework in Frameworks */ = {isa = PBXBuildFile; fileRef = 502B36311B33FF5900DDC4B2 /* CoreLocation.framework */; };
		50EEEDE01B564A8F00825134 /* WeatherDataFetcher.swift in Sources */ = {isa = PBXBuildFile; fileRef = 50EEEDDF1B564A8F00825134 /* WeatherDataFetcher.swift */; };
/* End PBXBuildFile section */

/* Begin PBXContainerItemProxy section */
		502B361A1B33173300DDC4B2 /* PBXContainerItemProxy */ = {
			isa = PBXContainerItemProxy;
			containerPortal = 502B35ED1B32F9E600DDC4B2 /* Project object */;
			proxyType = 1;
			remoteGlobalIDString = 502B36171B33173300DDC4B2;
			remoteInfo = "WatchApp Extension";
		};
		502B36261B33173400DDC4B2 /* PBXContainerItemProxy */ = {
			isa = PBXContainerItemProxy;
			containerPortal = 502B35ED1B32F9E600DDC4B2 /* Project object */;
			proxyType = 1;
			remoteGlobalIDString = 502B360B1B33173300DDC4B2;
			remoteInfo = WatchApp;
		};
/* End PBXContainerItemProxy section */

/* Begin PBXCopyFilesBuildPhase section */
		502B362C1B33173400DDC4B2 /* Embed App Extensions */ = {
			isa = PBXCopyFilesBuildPhase;
			buildActionMask = 2147483647;
			dstPath = "";
			dstSubfolderSpec = 13;
			files = (
				502B36191B33173300DDC4B2 /* WatchApp Extension.appex in Embed App Extensions */,
			);
			name = "Embed App Extensions";
			runOnlyForDeploymentPostprocessing = 0;
		};
		502B36301B33173400DDC4B2 /* Embed Watch Content */ = {
			isa = PBXCopyFilesBuildPhase;
			buildActionMask = 2147483647;
			dstPath = "$(CONTENTS_FOLDER_PATH)/Watch";
			dstSubfolderSpec = 16;
			files = (
				502B36281B33173400DDC4B2 /* WatchApp.app in Embed Watch Content */,
			);
			name = "Embed Watch Content";
			runOnlyForDeploymentPostprocessing = 0;
		};
/* End PBXCopyFilesBuildPhase section */

/* Begin PBXFileReference section */
		501DD7BD1BBAB2F500E335E1 /* Constants.swift */ = {isa = PBXFileReference; fileEncoding = 4; lastKnownFileType = sourcecode.swift; name = Constants.swift; path = Common/Constants.swift; sourceTree = "<group>"; };
		501E2B361B621B540039FED3 /* WeatherForecast.swift */ = {isa = PBXFileReference; fileEncoding = 4; lastKnownFileType = sourcecode.swift; name = WeatherForecast.swift; path = Common/WeatherForecast.swift; sourceTree = "<group>"; };
		502B35F51B32F9E600DDC4B2 /* WeatherApp.app */ = {isa = PBXFileReference; explicitFileType = wrapper.application; includeInIndex = 0; path = WeatherApp.app; sourceTree = BUILT_PRODUCTS_DIR; };
		502B35F81B32F9E600DDC4B2 /* AppDelegate.swift */ = {isa = PBXFileReference; lastKnownFileType = sourcecode.swift; path = AppDelegate.swift; sourceTree = "<group>"; };
		502B35FA1B32F9E600DDC4B2 /* ViewController.swift */ = {isa = PBXFileReference; lastKnownFileType = sourcecode.swift; path = ViewController.swift; sourceTree = "<group>"; };
		502B35FD1B32F9E600DDC4B2 /* Base */ = {isa = PBXFileReference; lastKnownFileType = file.storyboard; name = Base; path = Base.lproj/Main.storyboard; sourceTree = "<group>"; };
		502B35FF1B32F9E600DDC4B2 /* Assets.xcassets */ = {isa = PBXFileReference; lastKnownFileType = folder.assetcatalog; path = Assets.xcassets; sourceTree = "<group>"; };
		502B36021B32F9E600DDC4B2 /* Base */ = {isa = PBXFileReference; lastKnownFileType = file.storyboard; name = Base; path = Base.lproj/LaunchScreen.storyboard; sourceTree = "<group>"; };
		502B36041B32F9E600DDC4B2 /* Info.plist */ = {isa = PBXFileReference; lastKnownFileType = text.plist.xml; path = Info.plist; sourceTree = "<group>"; };
		502B360C1B33173300DDC4B2 /* WatchApp.app */ = {isa = PBXFileReference; explicitFileType = wrapper.application; includeInIndex = 0; path = WatchApp.app; sourceTree = BUILT_PRODUCTS_DIR; };
		502B360F1B33173300DDC4B2 /* Base */ = {isa = PBXFileReference; lastKnownFileType = file.storyboard; name = Base; path = Base.lproj/Interface.storyboard; sourceTree = "<group>"; };
		502B36111B33173300DDC4B2 /* Assets.xcassets */ = {isa = PBXFileReference; lastKnownFileType = folder.assetcatalog; path = Assets.xcassets; sourceTree = "<group>"; };
		502B36131B33173300DDC4B2 /* Info.plist */ = {isa = PBXFileReference; lastKnownFileType = text.plist.xml; path = Info.plist; sourceTree = "<group>"; };
		502B36181B33173300DDC4B2 /* WatchApp Extension.appex */ = {isa = PBXFileReference; explicitFileType = "wrapper.app-extension"; includeInIndex = 0; path = "WatchApp Extension.appex"; sourceTree = BUILT_PRODUCTS_DIR; };
		502B361D1B33173300DDC4B2 /* InterfaceController.swift */ = {isa = PBXFileReference; lastKnownFileType = sourcecode.swift; path = InterfaceController.swift; sourceTree = "<group>"; };
		502B361F1B33173300DDC4B2 /* ExtensionDelegate.swift */ = {isa = PBXFileReference; lastKnownFileType = sourcecode.swift; path = ExtensionDelegate.swift; sourceTree = "<group>"; };
		502B36211B33173300DDC4B2 /* ComplicationController.swift */ = {isa = PBXFileReference; lastKnownFileType = sourcecode.swift; path = ComplicationController.swift; sourceTree = "<group>"; };
		502B36231B33173400DDC4B2 /* Assets.xcassets */ = {isa = PBXFileReference; lastKnownFileType = folder.assetcatalog; path = Assets.xcassets; sourceTree = "<group>"; };
		502B36251B33173400DDC4B2 /* Info.plist */ = {isa = PBXFileReference; lastKnownFileType = text.plist.xml; path = Info.plist; sourceTree = "<group>"; };
		502B36311B33FF5900DDC4B2 /* CoreLocation.framework */ = {isa = PBXFileReference; lastKnownFileType = wrapper.framework; name = CoreLocation.framework; path = Platforms/WatchOS.platform/Developer/SDKs/WatchOS2.0.sdk/System/Library/Frameworks/CoreLocation.framework; sourceTree = DEVELOPER_DIR; };
		50EEEDDF1B564A8F00825134 /* WeatherDataFetcher.swift */ = {isa = PBXFileReference; fileEncoding = 4; lastKnownFileType = sourcecode.swift; path = WeatherDataFetcher.swift; sourceTree = "<group>"; };
/* End PBXFileReference section */

/* Begin PBXFrameworksBuildPhase section */
		502B35F21B32F9E600DDC4B2 /* Frameworks */ = {
			isa = PBXFrameworksBuildPhase;
			buildActionMask = 2147483647;
			files = (
			);
			runOnlyForDeploymentPostprocessing = 0;
		};
		502B36151B33173300DDC4B2 /* Frameworks */ = {
			isa = PBXFrameworksBuildPhase;
			buildActionMask = 2147483647;
			files = (
				502B36321B33FF5900DDC4B2 /* CoreLocation.framework in Frameworks */,
			);
			runOnlyForDeploymentPostprocessing = 0;
		};
/* End PBXFrameworksBuildPhase section */

/* Begin PBXGroup section */
		501E2B351B621B410039FED3 /* Common */ = {
			isa = PBXGroup;
			children = (
				501E2B361B621B540039FED3 /* WeatherForecast.swift */,
				501DD7BD1BBAB2F500E335E1 /* Constants.swift */,
			);
			name = Common;
			sourceTree = "<group>";
		};
		501E2B391B62213F0039FED3 /* Resources */ = {
			isa = PBXGroup;
			children = (
				502B35FC1B32F9E600DDC4B2 /* Main.storyboard */,
				502B35FF1B32F9E600DDC4B2 /* Assets.xcassets */,
				502B36011B32F9E600DDC4B2 /* LaunchScreen.storyboard */,
				502B36041B32F9E600DDC4B2 /* Info.plist */,
				502B36311B33FF5900DDC4B2 /* CoreLocation.framework */,
			);
			name = Resources;
			sourceTree = "<group>";
		};
		502B35EC1B32F9E600DDC4B2 = {
			isa = PBXGroup;
			children = (
				501E2B351B621B410039FED3 /* Common */,
				502B35F71B32F9E600DDC4B2 /* WeatherApp */,
				502B360D1B33173300DDC4B2 /* WatchApp */,
				502B361C1B33173300DDC4B2 /* WatchApp Extension */,
				502B35F61B32F9E600DDC4B2 /* Products */,
			);
			sourceTree = "<group>";
		};
		502B35F61B32F9E600DDC4B2 /* Products */ = {
			isa = PBXGroup;
			children = (
				502B35F51B32F9E600DDC4B2 /* WeatherApp.app */,
				502B360C1B33173300DDC4B2 /* WatchApp.app */,
				502B36181B33173300DDC4B2 /* WatchApp Extension.appex */,
			);
			name = Products;
			sourceTree = "<group>";
		};
		502B35F71B32F9E600DDC4B2 /* WeatherApp */ = {
			isa = PBXGroup;
			children = (
				501E2B391B62213F0039FED3 /* Resources */,
				502B35F81B32F9E600DDC4B2 /* AppDelegate.swift */,
				502B35FA1B32F9E600DDC4B2 /* ViewController.swift */,
				50EEEDDF1B564A8F00825134 /* WeatherDataFetcher.swift */,
			);
			path = WeatherApp;
			sourceTree = "<group>";
		};
		502B360D1B33173300DDC4B2 /* WatchApp */ = {
			isa = PBXGroup;
			children = (
				502B360E1B33173300DDC4B2 /* Interface.storyboard */,
				502B36111B33173300DDC4B2 /* Assets.xcassets */,
				502B36131B33173300DDC4B2 /* Info.plist */,
			);
			path = WatchApp;
			sourceTree = "<group>";
		};
		502B361C1B33173300DDC4B2 /* WatchApp Extension */ = {
			isa = PBXGroup;
			children = (
				502B361D1B33173300DDC4B2 /* InterfaceController.swift */,
				502B361F1B33173300DDC4B2 /* ExtensionDelegate.swift */,
				502B36211B33173300DDC4B2 /* ComplicationController.swift */,
				502B36231B33173400DDC4B2 /* Assets.xcassets */,
				502B36251B33173400DDC4B2 /* Info.plist */,
			);
			path = "WatchApp Extension";
			sourceTree = "<group>";
		};
/* End PBXGroup section */

/* Begin PBXNativeTarget section */
		502B35F41B32F9E600DDC4B2 /* WeatherApp */ = {
			isa = PBXNativeTarget;
			buildConfigurationList = 502B36071B32F9E600DDC4B2 /* Build configuration list for PBXNativeTarget "WeatherApp" */;
			buildPhases = (
				502B35F11B32F9E600DDC4B2 /* Sources */,
				502B35F21B32F9E600DDC4B2 /* Frameworks */,
				502B35F31B32F9E600DDC4B2 /* Resources */,
				502B36301B33173400DDC4B2 /* Embed Watch Content */,
			);
			buildRules = (
			);
			dependencies = (
				502B36271B33173400DDC4B2 /* PBXTargetDependency */,
			);
			name = WeatherApp;
			productName = WeatherApp;
			productReference = 502B35F51B32F9E600DDC4B2 /* WeatherApp.app */;
			productType = "com.apple.product-type.application";
		};
		502B360B1B33173300DDC4B2 /* WatchApp */ = {
			isa = PBXNativeTarget;
			buildConfigurationList = 502B362D1B33173400DDC4B2 /* Build configuration list for PBXNativeTarget "WatchApp" */;
			buildPhases = (
				502B360A1B33173300DDC4B2 /* Resources */,
				502B362C1B33173400DDC4B2 /* Embed App Extensions */,
			);
			buildRules = (
			);
			dependencies = (
				502B361B1B33173300DDC4B2 /* PBXTargetDependency */,
			);
			name = WatchApp;
			productName = WatchApp;
			productReference = 502B360C1B33173300DDC4B2 /* WatchApp.app */;
			productType = "com.apple.product-type.application.watchapp2";
		};
		502B36171B33173300DDC4B2 /* WatchApp Extension */ = {
			isa = PBXNativeTarget;
			buildConfigurationList = 502B36291B33173400DDC4B2 /* Build configuration list for PBXNativeTarget "WatchApp Extension" */;
			buildPhases = (
				502B36141B33173300DDC4B2 /* Sources */,
				502B36151B33173300DDC4B2 /* Frameworks */,
				502B36161B33173300DDC4B2 /* Resources */,
			);
			buildRules = (
			);
			dependencies = (
			);
			name = "WatchApp Extension";
			productName = "WatchApp Extension";
			productReference = 502B36181B33173300DDC4B2 /* WatchApp Extension.appex */;
			productType = "com.apple.product-type.watchkit2-extension";
		};
/* End PBXNativeTarget section */

/* Begin PBXProject section */
		502B35ED1B32F9E600DDC4B2 /* Project object */ = {
			isa = PBXProject;
			attributes = {
				LastUpgradeCheck = 0700;
				ORGANIZATIONNAME = "Massimiliano Bigatti";
				TargetAttributes = {
					502B35F41B32F9E600DDC4B2 = {
						CreatedOnToolsVersion = 7.0;
					};
					502B360B1B33173300DDC4B2 = {
						CreatedOnToolsVersion = 7.0;
					};
					502B36171B33173300DDC4B2 = {
						CreatedOnToolsVersion = 7.0;
					};
				};
			};
			buildConfigurationList = 502B35F01B32F9E600DDC4B2 /* Build configuration list for PBXProject "WeatherApp" */;
			compatibilityVersion = "Xcode 3.2";
			developmentRegion = English;
			hasScannedForEncodings = 0;
			knownRegions = (
				en,
				Base,
			);
			mainGroup = 502B35EC1B32F9E600DDC4B2;
			productRefGroup = 502B35F61B32F9E600DDC4B2 /* Products */;
			projectDirPath = "";
			projectRoot = "";
			targets = (
				502B35F41B32F9E600DDC4B2 /* WeatherApp */,
				502B360B1B33173300DDC4B2 /* WatchApp */,
				502B36171B33173300DDC4B2 /* WatchApp Extension */,
			);
		};
/* End PBXProject section */

/* Begin PBXResourcesBuildPhase section */
		502B35F31B32F9E600DDC4B2 /* Resources */ = {
			isa = PBXResourcesBuildPhase;
			buildActionMask = 2147483647;
			files = (
				502B36031B32F9E600DDC4B2 /* LaunchScreen.storyboard in Resources */,
				502B36001B32F9E600DDC4B2 /* Assets.xcassets in Resources */,
				502B35FE1B32F9E600DDC4B2 /* Main.storyboard in Resources */,
			);
			runOnlyForDeploymentPostprocessing = 0;
		};
		502B360A1B33173300DDC4B2 /* Resources */ = {
			isa = PBXResourcesBuildPhase;
			buildActionMask = 2147483647;
			files = (
				502B36121B33173300DDC4B2 /* Assets.xcassets in Resources */,
				502B36101B33173300DDC4B2 /* Interface.storyboard in Resources */,
			);
			runOnlyForDeploymentPostprocessing = 0;
		};
		502B36161B33173300DDC4B2 /* Resources */ = {
			isa = PBXResourcesBuildPhase;
			buildActionMask = 2147483647;
			files = (
				502B36241B33173400DDC4B2 /* Assets.xcassets in Resources */,
			);
			runOnlyForDeploymentPostprocessing = 0;
		};
/* End PBXResourcesBuildPhase section */

/* Begin PBXSourcesBuildPhase section */
		502B35F11B32F9E600DDC4B2 /* Sources */ = {
			isa = PBXSourcesBuildPhase;
			buildActionMask = 2147483647;
			files = (
				501DD7BE1BBAB2F500E335E1 /* Constants.swift in Sources */,
				502B35FB1B32F9E600DDC4B2 /* ViewController.swift in Sources */,
				502B35F91B32F9E600DDC4B2 /* AppDelegate.swift in Sources */,
				501E2B371B621B540039FED3 /* WeatherForecast.swift in Sources */,
				50EEEDE01B564A8F00825134 /* WeatherDataFetcher.swift in Sources */,
			);
			runOnlyForDeploymentPostprocessing = 0;
		};
		502B36141B33173300DDC4B2 /* Sources */ = {
			isa = PBXSourcesBuildPhase;
			buildActionMask = 2147483647;
			files = (
				501DD7BF1BBAB2F500E335E1 /* Constants.swift in Sources */,
				501E2B381B621B910039FED3 /* WeatherForecast.swift in Sources */,
				502B36201B33173300DDC4B2 /* ExtensionDelegate.swift in Sources */,
				502B361E1B33173300DDC4B2 /* InterfaceController.swift in Sources */,
				502B36221B33173300DDC4B2 /* ComplicationController.swift in Sources */,
			);
			runOnlyForDeploymentPostprocessing = 0;
		};
/* End PBXSourcesBuildPhase section */

/* Begin PBXTargetDependency section */
		502B361B1B33173300DDC4B2 /* PBXTargetDependency */ = {
			isa = PBXTargetDependency;
			target = 502B36171B33173300DDC4B2 /* WatchApp Extension */;
			targetProxy = 502B361A1B33173300DDC4B2 /* PBXContainerItemProxy */;
		};
		502B36271B33173400DDC4B2 /* PBXTargetDependency */ = {
			isa = PBXTargetDependency;
			target = 502B360B1B33173300DDC4B2 /* WatchApp */;
			targetProxy = 502B36261B33173400DDC4B2 /* PBXContainerItemProxy */;
		};
/* End PBXTargetDependency section */

/* Begin PBXVariantGroup section */
		502B35FC1B32F9E600DDC4B2 /* Main.storyboard */ = {
			isa = PBXVariantGroup;
			children = (
				502B35FD1B32F9E600DDC4B2 /* Base */,
			);
			name = Main.storyboard;
			sourceTree = "<group>";
		};
		502B36011B32F9E600DDC4B2 /* LaunchScreen.storyboard */ = {
			isa = PBXVariantGroup;
			children = (
				502B36021B32F9E600DDC4B2 /* Base */,
			);
			name = LaunchScreen.storyboard;
			sourceTree = "<group>";
		};
		502B360E1B33173300DDC4B2 /* Interface.storyboard */ = {
			isa = PBXVariantGroup;
			children = (
				502B360F1B33173300DDC4B2 /* Base */,
			);
			name = Interface.storyboard;
			sourceTree = "<group>";
		};
/* End PBXVariantGroup section */

/* Begin XCBuildConfiguration section */
		502B36051B32F9E600DDC4B2 /* Debug */ = {
			isa = XCBuildConfiguration;
			buildSettings = {
				ALWAYS_SEARCH_USER_PATHS = NO;
				CLANG_CXX_LANGUAGE_STANDARD = "gnu++0x";
				CLANG_CXX_LIBRARY = "libc++";
				CLANG_ENABLE_MODULES = YES;
				CLANG_ENABLE_OBJC_ARC = YES;
				CLANG_WARN_BOOL_CONVERSION = YES;
				CLANG_WARN_CONSTANT_CONVERSION = YES;
				CLANG_WARN_DIRECT_OBJC_ISA_USAGE = YES_ERROR;
				CLANG_WARN_EMPTY_BODY = YES;
				CLANG_WARN_ENUM_CONVERSION = YES;
				CLANG_WARN_INT_CONVERSION = YES;
				CLANG_WARN_OBJC_ROOT_CLASS = YES_ERROR;
				CLANG_WARN_UNREACHABLE_CODE = YES;
				CLANG_WARN__DUPLICATE_METHOD_MATCH = YES;
				"CODE_SIGN_IDENTITY[sdk=iphoneos*]" = "iPhone Developer";
				COPY_PHASE_STRIP = NO;
				DEBUG_INFORMATION_FORMAT = dwarf;
				ENABLE_STRICT_OBJC_MSGSEND = YES;
				ENABLE_TESTABILITY = YES;
				GCC_C_LANGUAGE_STANDARD = gnu99;
				GCC_DYNAMIC_NO_PIC = NO;
				GCC_NO_COMMON_BLOCKS = YES;
				GCC_OPTIMIZATION_LEVEL = 0;
				GCC_PREPROCESSOR_DEFINITIONS = (
					"DEBUG=1",
					"$(inherited)",
				);
				GCC_WARN_64_TO_32_BIT_CONVERSION = YES;
				GCC_WARN_ABOUT_RETURN_TYPE = YES_ERROR;
				GCC_WARN_UNDECLARED_SELECTOR = YES;
				GCC_WARN_UNINITIALIZED_AUTOS = YES_AGGRESSIVE;
				GCC_WARN_UNUSED_FUNCTION = YES;
				GCC_WARN_UNUSED_VARIABLE = YES;
				IPHONEOS_DEPLOYMENT_TARGET = 9.0;
				MTL_ENABLE_DEBUG_INFO = YES;
				ONLY_ACTIVE_ARCH = YES;
				SDKROOT = iphoneos;
				SWIFT_OPTIMIZATION_LEVEL = "-Onone";
				TARGETED_DEVICE_FAMILY = "1,2";
			};
			name = Debug;
		};
		502B36061B32F9E600DDC4B2 /* Release */ = {
			isa = XCBuildConfiguration;
			buildSettings = {
				ALWAYS_SEARCH_USER_PATHS = NO;
				CLANG_CXX_LANGUAGE_STANDARD = "gnu++0x";
				CLANG_CXX_LIBRARY = "libc++";
				CLANG_ENABLE_MODULES = YES;
				CLANG_ENABLE_OBJC_ARC = YES;
				CLANG_WARN_BOOL_CONVERSION = YES;
				CLANG_WARN_CONSTANT_CONVERSION = YES;
				CLANG_WARN_DIRECT_OBJC_ISA_USAGE = YES_ERROR;
				CLANG_WARN_EMPTY_BODY = YES;
				CLANG_WARN_ENUM_CONVERSION = YES;
				CLANG_WARN_INT_CONVERSION = YES;
				CLANG_WARN_OBJC_ROOT_CLASS = YES_ERROR;
				CLANG_WARN_UNREACHABLE_CODE = YES;
				CLANG_WARN__DUPLICATE_METHOD_MATCH = YES;
				"CODE_SIGN_IDENTITY[sdk=iphoneos*]" = "iPhone Developer";
				COPY_PHASE_STRIP = NO;
				DEBUG_INFORMATION_FORMAT = "dwarf-with-dsym";
				ENABLE_NS_ASSERTIONS = NO;
				ENABLE_STRICT_OBJC_MSGSEND = YES;
				GCC_C_LANGUAGE_STANDARD = gnu99;
				GCC_NO_COMMON_BLOCKS = YES;
				GCC_WARN_64_TO_32_BIT_CONVERSION = YES;
				GCC_WARN_ABOUT_RETURN_TYPE = YES_ERROR;
				GCC_WARN_UNDECLARED_SELECTOR = YES;
				GCC_WARN_UNINITIALIZED_AUTOS = YES_AGGRESSIVE;
				GCC_WARN_UNUSED_FUNCTION = YES;
				GCC_WARN_UNUSED_VARIABLE = YES;
				IPHONEOS_DEPLOYMENT_TARGET = 9.0;
				MTL_ENABLE_DEBUG_INFO = NO;
				SDKROOT = iphoneos;
				TARGETED_DEVICE_FAMILY = "1,2";
				VALIDATE_PRODUCT = YES;
			};
			name = Release;
		};
		502B36081B32F9E600DDC4B2 /* Debug */ = {
			isa = XCBuildConfiguration;
			buildSettings = {
				ASSETCATALOG_COMPILER_APPICON_NAME = AppIcon;
				INFOPLIST_FILE = WeatherApp/Info.plist;
				LD_RUNPATH_SEARCH_PATHS = "$(inherited) @executable_path/Frameworks";
				PRODUCT_BUNDLE_IDENTIFIER = it.bigatti.samples.WeatherApp;
				PRODUCT_NAME = "$(TARGET_NAME)";
				TARGETED_DEVICE_FAMILY = 1;
			};
			name = Debug;
		};
		502B36091B32F9E600DDC4B2 /* Release */ = {
			isa = XCBuildConfiguration;
			buildSettings = {
				ASSETCATALOG_COMPILER_APPICON_NAME = AppIcon;
				INFOPLIST_FILE = WeatherApp/Info.plist;
				LD_RUNPATH_SEARCH_PATHS = "$(inherited) @executable_path/Frameworks";
				PRODUCT_BUNDLE_IDENTIFIER = it.bigatti.samples.WeatherApp;
				PRODUCT_NAME = "$(TARGET_NAME)";
				TARGETED_DEVICE_FAMILY = 1;
			};
			name = Release;
		};
		502B362A1B33173400DDC4B2 /* Debug */ = {
			isa = XCBuildConfiguration;
			buildSettings = {
				ASSETCATALOG_COMPILER_COMPLICATION_NAME = Complication;
				"CODE_SIGN_IDENTITY[sdk=watchos*]" = "iPhone Developer";
				INFOPLIST_FILE = "WatchApp Extension/Info.plist";
				LD_RUNPATH_SEARCH_PATHS = "$(inherited) @executable_path/Frameworks @executable_path/../../Frameworks";
				PRODUCT_BUNDLE_IDENTIFIER = it.bigatti.samples.WeatherApp.watchkitapp.watchkitextension;
				PRODUCT_NAME = "${TARGET_NAME}";
				SDKROOT = watchos;
				SKIP_INSTALL = YES;
				TARGETED_DEVICE_FAMILY = 4;
				WATCHOS_DEPLOYMENT_TARGET = 2.0;
			};
			name = Debug;
		};
		502B362B1B33173400DDC4B2 /* Release */ = {
			isa = XCBuildConfiguration;
			buildSettings = {
				ASSETCATALOG_COMPILER_COMPLICATION_NAME = Complication;
				"CODE_SIGN_IDENTITY[sdk=watchos*]" = "iPhone Developer";
				INFOPLIST_FILE = "WatchApp Extension/Info.plist";
				LD_RUNPATH_SEARCH_PATHS = "$(inherited) @executable_path/Frameworks @executable_path/../../Frameworks";
				PRODUCT_BUNDLE_IDENTIFIER = it.bigatti.samples.WeatherApp.watchkitapp.watchkitextension;
				PRODUCT_NAME = "${TARGET_NAME}";
				SDKROOT = watchos;
				SKIP_INSTALL = YES;
				TARGETED_DEVICE_FAMILY = 4;
				WATCHOS_DEPLOYMENT_TARGET = 2.0;
			};
			name = Release;
		};
		502B362E1B33173400DDC4B2 /* Debug */ = {
			isa = XCBuildConfiguration;
			buildSettings = {
				ASSETCATALOG_COMPILER_APPICON_NAME = AppIcon;
				"CODE_SIGN_IDENTITY[sdk=watchos*]" = "iPhone Developer";
				EMBEDDED_CONTENT_CONTAINS_SWIFT = YES;
				IBSC_MODULE = WatchApp_Extension;
				INFOPLIST_FILE = WatchApp/Info.plist;
				PRODUCT_BUNDLE_IDENTIFIER = it.bigatti.samples.WeatherApp.watchkitapp;
				PRODUCT_NAME = "$(TARGET_NAME)";
				SDKROOT = watchos;
				SKIP_INSTALL = YES;
				TARGETED_DEVICE_FAMILY = 4;
				WATCHOS_DEPLOYMENT_TARGET = 2.0;
			};
			name = Debug;
		};
		502B362F1B33173400DDC4B2 /* Release */ = {
			isa = XCBuildConfiguration;
			buildSettings = {
				ASSETCATALOG_COMPILER_APPICON_NAME = AppIcon;
				"CODE_SIGN_IDENTITY[sdk=watchos*]" = "iPhone Developer";
				EMBEDDED_CONTENT_CONTAINS_SWIFT = YES;
				IBSC_MODULE = WatchApp_Extension;
				INFOPLIST_FILE = WatchApp/Info.plist;
				PRODUCT_BUNDLE_IDENTIFIER = it.bigatti.samples.WeatherApp.watchkitapp;
				PRODUCT_NAME = "$(TARGET_NAME)";
				SDKROOT = watchos;
				SKIP_INSTALL = YES;
				TARGETED_DEVICE_FAMILY = 4;
				WATCHOS_DEPLOYMENT_TARGET = 2.0;
			};
			name = Release;
		};
/* End XCBuildConfiguration section */

/* Begin XCConfigurationList section */
		502B35F01B32F9E600DDC4B2 /* Build configuration list for PBXProject "WeatherApp" */ = {
			isa = XCConfigurationList;
			buildConfigurations = (
				502B36051B32F9E600DDC4B2 /* Debug */,
				502B36061B32F9E600DDC4B2 /* Release */,
			);
			defaultConfigurationIsVisible = 0;
			defaultConfigurationName = Release;
		};
		502B36071B32F9E600DDC4B2 /* Build configuration list for PBXNativeTarget "WeatherApp" */ = {
			isa = XCConfigurationList;
			buildConfigurations = (
				502B36081B32F9E600DDC4B2 /* Debug */,
				502B36091B32F9E600DDC4B2 /* Release */,
			);
			defaultConfigurationIsVisible = 0;
			defaultConfigurationName = Release;
		};
		502B36291B33173400DDC4B2 /* Build configuration list for PBXNativeTarget "WatchApp Extension" */ = {
			isa = XCConfigurationList;
			buildConfigurations = (
				502B362A1B33173400DDC4B2 /* Debug */,
				502B362B1B33173400DDC4B2 /* Release */,
			);
			defaultConfigurationIsVisible = 0;
			defaultConfigurationName = Release;
		};
		502B362D1B33173400DDC4B2 /* Build configuration list for PBXNativeTarget "WatchApp" */ = {
			isa = XCConfigurationList;
			buildConfigurations = (
				502B362E1B33173400DDC4B2 /* Debug */,
				502B362F1B33173400DDC4B2 /* Release */,
			);
			defaultConfigurationIsVisible = 0;
			defaultConfigurationName = Release;
		};
/* End XCConfigurationList section */
	};
	rootObject = 502B35ED1B32F9E600DDC4B2 /* Project object */;
}
