// !$*UTF8*$!
{
	archiveVersion = 1;
	classes = {
	};
	objectVersion = 46;
	objects = {

/* Begin PBXBuildFile section */
		500B3CFC1BD39355005766D5 /* AppDelegate.swift in Sources */ = {isa = PBXBuildFile; fileRef = 500B3CFB1BD39355005766D5 /* AppDelegate.swift */; };
		500B3CFE1BD39355005766D5 /* ViewController.swift in Sources */ = {isa = PBXBuildFile; fileRef = 500B3CFD1BD39355005766D5 /* ViewController.swift */; };
		500B3D011BD39355005766D5 /* Main.storyboard in Resources */ = {isa = PBXBuildFile; fileRef = 500B3CFF1BD39355005766D5 /* Main.storyboard */; };
		500B3D031BD39355005766D5 /* Assets.xcassets in Resources */ = {isa = PBXBuildFile; fileRef = 500B3D021BD39355005766D5 /* Assets.xcassets */; };
		500B3D061BD39355005766D5 /* LaunchScreen.storyboard in Resources */ = {isa = PBXBuildFile; fileRef = 500B3D041BD39355005766D5 /* LaunchScreen.storyboard */; };
		500B3D131BD39360005766D5 /* Interface.storyboard in Resources */ = {isa = PBXBuildFile; fileRef = 500B3D111BD39360005766D5 /* Interface.storyboard */; };
		500B3D151BD39360005766D5 /* Assets.xcassets in Resources */ = {isa = PBXBuildFile; fileRef = 500B3D141BD39360005766D5 /* Assets.xcassets */; };
		500B3D1C1BD39360005766D5 /* WatchApp Extension.appex in Embed App Extensions */ = {isa = PBXBuildFile; fileRef = 500B3D1B1BD39360005766D5 /* WatchApp Extension.appex */; settings = {ATTRIBUTES = (RemoveHeadersOnCopy, ); }; };
		500B3D211BD39360005766D5 /* InterfaceController.swift in Sources */ = {isa = PBXBuildFile; fileRef = 500B3D201BD39360005766D5 /* InterfaceController.swift */; };
		500B3D231BD39360005766D5 /* ExtensionDelegate.swift in Sources */ = {isa = PBXBuildFile; fileRef = 500B3D221BD39360005766D5 /* ExtensionDelegate.swift */; };
		500B3D251BD39360005766D5 /* Assets.xcassets in Resources */ = {isa = PBXBuildFile; fileRef = 500B3D241BD39360005766D5 /* Assets.xcassets */; };
		500B3D291BD39360005766D5 /* WatchApp.app in Embed Watch Content */ = {isa = PBXBuildFile; fileRef = 500B3D0F1BD39360005766D5 /* WatchApp.app */; };
		500B3D331BD393F4005766D5 /* VideoRowController.swift in Sources */ = {isa = PBXBuildFile; fileRef = 500B3D321BD393F4005766D5 /* VideoRowController.swift */; settings = {ASSET_TAGS = (); }; };
		500B3D351BD39400005766D5 /* Videos in Resources */ = {isa = PBXBuildFile; fileRef = 500B3D341BD39400005766D5 /* Videos */; settings = {ASSET_TAGS = (); }; };
/* End PBXBuildFile section */

/* Begin PBXContainerItemProxy section */
		500B3D1D1BD39360005766D5 /* PBXContainerItemProxy */ = {
			isa = PBXContainerItemProxy;
			containerPortal = 500B3CF01BD39355005766D5 /* Project object */;
			proxyType = 1;
			remoteGlobalIDString = 500B3D1A1BD39360005766D5;
			remoteInfo = "WatchApp Extension";
		};
		500B3D271BD39360005766D5 /* PBXContainerItemProxy */ = {
			isa = PBXContainerItemProxy;
			containerPortal = 500B3CF01BD39355005766D5 /* Project object */;
			proxyType = 1;
			remoteGlobalIDString = 500B3D0E1BD39360005766D5;
			remoteInfo = WatchApp;
		};
/* End PBXContainerItemProxy section */

/* Begin PBXCopyFilesBuildPhase section */
		500B3D2D1BD39360005766D5 /* Embed App Extensions */ = {
			isa = PBXCopyFilesBuildPhase;
			buildActionMask = 2147483647;
			dstPath = "";
			dstSubfolderSpec = 13;
			files = (
				500B3D1C1BD39360005766D5 /* WatchApp Extension.appex in Embed App Extensions */,
			);
			name = "Embed App Extensions";
			runOnlyForDeploymentPostprocessing = 0;
		};
		500B3D311BD39360005766D5 /* Embed Watch Content */ = {
			isa = PBXCopyFilesBuildPhase;
			buildActionMask = 2147483647;
			dstPath = "$(CONTENTS_FOLDER_PATH)/Watch";
			dstSubfolderSpec = 16;
			files = (
				500B3D291BD39360005766D5 /* WatchApp.app in Embed Watch Content */,
			);
			name = "Embed Watch Content";
			runOnlyForDeploymentPostprocessing = 0;
		};
/* End PBXCopyFilesBuildPhase section */

/* Begin PBXFileReference section */
		500B3CF81BD39355005766D5 /* MoviePlaybackExample.app */ = {isa = PBXFileReference; explicitFileType = wrapper.application; includeInIndex = 0; path = MoviePlaybackExample.app; sourceTree = BUILT_PRODUCTS_DIR; };
		500B3CFB1BD39355005766D5 /* AppDelegate.swift */ = {isa = PBXFileReference; lastKnownFileType = sourcecode.swift; path = AppDelegate.swift; sourceTree = "<group>"; };
		500B3CFD1BD39355005766D5 /* ViewController.swift */ = {isa = PBXFileReference; lastKnownFileType = sourcecode.swift; path = ViewController.swift; sourceTree = "<group>"; };
		500B3D001BD39355005766D5 /* Base */ = {isa = PBXFileReference; lastKnownFileType = file.storyboard; name = Base; path = Base.lproj/Main.storyboard; sourceTree = "<group>"; };
		500B3D021BD39355005766D5 /* Assets.xcassets */ = {isa = PBXFileReference; lastKnownFileType = folder.assetcatalog; path = Assets.xcassets; sourceTree = "<group>"; };
		500B3D051BD39355005766D5 /* Base */ = {isa = PBXFileReference; lastKnownFileType = file.storyboard; name = Base; path = Base.lproj/LaunchScreen.storyboard; sourceTree = "<group>"; };
		500B3D071BD39355005766D5 /* Info.plist */ = {isa = PBXFileReference; lastKnownFileType = text.plist.xml; path = Info.plist; sourceTree = "<group>"; };
		500B3D0F1BD39360005766D5 /* WatchApp.app */ = {isa = PBXFileReference; explicitFileType = wrapper.application; includeInIndex = 0; path = WatchApp.app; sourceTree = BUILT_PRODUCTS_DIR; };
		500B3D121BD39360005766D5 /* Base */ = {isa = PBXFileReference; lastKnownFileType = file.storyboard; name = Base; path = Base.lproj/Interface.storyboard; sourceTree = "<group>"; };
		500B3D141BD39360005766D5 /* Assets.xcassets */ = {isa = PBXFileReference; lastKnownFileType = folder.assetcatalog; path = Assets.xcassets; sourceTree = "<group>"; };
		500B3D161BD39360005766D5 /* Info.plist */ = {isa = PBXFileReference; lastKnownFileType = text.plist.xml; path = Info.plist; sourceTree = "<group>"; };
		500B3D1B1BD39360005766D5 /* WatchApp Extension.appex */ = {isa = PBXFileReference; explicitFileType = "wrapper.app-extension"; includeInIndex = 0; path = "WatchApp Extension.appex"; sourceTree = BUILT_PRODUCTS_DIR; };
		500B3D201BD39360005766D5 /* InterfaceController.swift */ = {isa = PBXFileReference; lastKnownFileType = sourcecode.swift; path = InterfaceController.swift; sourceTree = "<group>"; };
		500B3D221BD39360005766D5 /* ExtensionDelegate.swift */ = {isa = PBXFileReference; lastKnownFileType = sourcecode.swift; path = ExtensionDelegate.swift; sourceTree = "<group>"; };
		500B3D241BD39360005766D5 /* Assets.xcassets */ = {isa = PBXFileReference; lastKnownFileType = folder.assetcatalog; path = Assets.xcassets; sourceTree = "<group>"; };
		500B3D261BD39360005766D5 /* Info.plist */ = {isa = PBXFileReference; lastKnownFileType = text.plist.xml; path = Info.plist; sourceTree = "<group>"; };
		500B3D321BD393F4005766D5 /* VideoRowController.swift */ = {isa = PBXFileReference; fileEncoding = 4; lastKnownFileType = sourcecode.swift; path = VideoRowController.swift; sourceTree = "<group>"; };
		500B3D341BD39400005766D5 /* Videos */ = {isa = PBXFileReference; lastKnownFileType = folder; path = Videos; sourceTree = "<group>"; };
/* End PBXFileReference section */

/* Begin PBXFrameworksBuildPhase section */
		500B3CF51BD39355005766D5 /* Frameworks */ = {
			isa = PBXFrameworksBuildPhase;
			buildActionMask = 2147483647;
			files = (
			);
			runOnlyForDeploymentPostprocessing = 0;
		};
		500B3D181BD39360005766D5 /* Frameworks */ = {
			isa = PBXFrameworksBuildPhase;
			buildActionMask = 2147483647;
			files = (
			);
			runOnlyForDeploymentPostprocessing = 0;
		};
/* End PBXFrameworksBuildPhase section */

/* Begin PBXGroup section */
		500B3CEF1BD39355005766D5 = {
			isa = PBXGroup;
			children = (
				500B3CFA1BD39355005766D5 /* MoviePlaybackExample */,
				500B3D101BD39360005766D5 /* WatchApp */,
				500B3D1F1BD39360005766D5 /* WatchApp Extension */,
				500B3CF91BD39355005766D5 /* Products */,
			);
			sourceTree = "<group>";
		};
		500B3CF91BD39355005766D5 /* Products */ = {
			isa = PBXGroup;
			children = (
				500B3CF81BD39355005766D5 /* MoviePlaybackExample.app */,
				500B3D0F1BD39360005766D5 /* WatchApp.app */,
				500B3D1B1BD39360005766D5 /* WatchApp Extension.appex */,
			);
			name = Products;
			sourceTree = "<group>";
		};
		500B3CFA1BD39355005766D5 /* MoviePlaybackExample */ = {
			isa = PBXGroup;
			children = (
				500B3CFB1BD39355005766D5 /* AppDelegate.swift */,
				500B3CFD1BD39355005766D5 /* ViewController.swift */,
				500B3CFF1BD39355005766D5 /* Main.storyboard */,
				500B3D021BD39355005766D5 /* Assets.xcassets */,
				500B3D041BD39355005766D5 /* LaunchScreen.storyboard */,
				500B3D071BD39355005766D5 /* Info.plist */,
			);
			path = MoviePlaybackExample;
			sourceTree = "<group>";
		};
		500B3D101BD39360005766D5 /* WatchApp */ = {
			isa = PBXGroup;
			children = (
				500B3D111BD39360005766D5 /* Interface.storyboard */,
				500B3D141BD39360005766D5 /* Assets.xcassets */,
				500B3D161BD39360005766D5 /* Info.plist */,
			);
			path = WatchApp;
			sourceTree = "<group>";
		};
		500B3D1F1BD39360005766D5 /* WatchApp Extension */ = {
			isa = PBXGroup;
			children = (
				500B3D341BD39400005766D5 /* Videos */,
				500B3D201BD39360005766D5 /* InterfaceController.swift */,
				500B3D321BD393F4005766D5 /* VideoRowController.swift */,
				500B3D221BD39360005766D5 /* ExtensionDelegate.swift */,
				500B3D241BD39360005766D5 /* Assets.xcassets */,
				500B3D261BD39360005766D5 /* Info.plist */,
			);
			path = "WatchApp Extension";
			sourceTree = "<group>";
		};
/* End PBXGroup section */

/* Begin PBXNativeTarget section */
		500B3CF71BD39355005766D5 /* MoviePlaybackExample */ = {
			isa = PBXNativeTarget;
			buildConfigurationList = 500B3D0A1BD39355005766D5 /* Build configuration list for PBXNativeTarget "MoviePlaybackExample" */;
			buildPhases = (
				500B3CF41BD39355005766D5 /* Sources */,
				500B3CF51BD39355005766D5 /* Frameworks */,
				500B3CF61BD39355005766D5 /* Resources */,
				500B3D311BD39360005766D5 /* Embed Watch Content */,
			);
			buildRules = (
			);
			dependencies = (
				500B3D281BD39360005766D5 /* PBXTargetDependency */,
			);
			name = MoviePlaybackExample;
			productName = MoviePlaybackExample;
			productReference = 500B3CF81BD39355005766D5 /* MoviePlaybackExample.app */;
			productType = "com.apple.product-type.application";
		};
		500B3D0E1BD39360005766D5 /* WatchApp */ = {
			isa = PBXNativeTarget;
			buildConfigurationList = 500B3D2E1BD39360005766D5 /* Build configuration list for PBXNativeTarget "WatchApp" */;
			buildPhases = (
				500B3D0D1BD39360005766D5 /* Resources */,
				500B3D2D1BD39360005766D5 /* Embed App Extensions */,
			);
			buildRules = (
			);
			dependencies = (
				500B3D1E1BD39360005766D5 /* PBXTargetDependency */,
			);
			name = WatchApp;
			productName = WatchApp;
			productReference = 500B3D0F1BD39360005766D5 /* WatchApp.app */;
			productType = "com.apple.product-type.application.watchapp2";
		};
		500B3D1A1BD39360005766D5 /* WatchApp Extension */ = {
			isa = PBXNativeTarget;
			buildConfigurationList = 500B3D2A1BD39360005766D5 /* Build configuration list for PBXNativeTarget "WatchApp Extension" */;
			buildPhases = (
				500B3D171BD39360005766D5 /* Sources */,
				500B3D181BD39360005766D5 /* Frameworks */,
				500B3D191BD39360005766D5 /* Resources */,
			);
			buildRules = (
			);
			dependencies = (
			);
			name = "WatchApp Extension";
			productName = "WatchApp Extension";
			productReference = 500B3D1B1BD39360005766D5 /* WatchApp Extension.appex */;
			productType = "com.apple.product-type.watchkit2-extension";
		};
/* End PBXNativeTarget section */

/* Begin PBXProject section */
		500B3CF01BD39355005766D5 /* Project object */ = {
			isa = PBXProject;
			attributes = {
				LastUpgradeCheck = 0700;
				ORGANIZATIONNAME = "Massimiliano Bigatti";
				TargetAttributes = {
					500B3CF71BD39355005766D5 = {
						CreatedOnToolsVersion = 7.0;
					};
					500B3D0E1BD39360005766D5 = {
						CreatedOnToolsVersion = 7.0;
					};
					500B3D1A1BD39360005766D5 = {
						CreatedOnToolsVersion = 7.0;
					};
				};
			};
			buildConfigurationList = 500B3CF31BD39355005766D5 /* Build configuration list for PBXProject "MoviePlaybackExample" */;
			compatibilityVersion = "Xcode 3.2";
			developmentRegion = English;
			hasScannedForEncodings = 0;
			knownRegions = (
				en,
				Base,
			);
			mainGroup = 500B3CEF1BD39355005766D5;
			productRefGroup = 500B3CF91BD39355005766D5 /* Products */;
			projectDirPath = "";
			projectRoot = "";
			targets = (
				500B3CF71BD39355005766D5 /* MoviePlaybackExample */,
				500B3D0E1BD39360005766D5 /* WatchApp */,
				500B3D1A1BD39360005766D5 /* WatchApp Extension */,
			);
		};
/* End PBXProject section */

/* Begin PBXResourcesBuildPhase section */
		500B3CF61BD39355005766D5 /* Resources */ = {
			isa = PBXResourcesBuildPhase;
			buildActionMask = 2147483647;
			files = (
				500B3D061BD39355005766D5 /* LaunchScreen.storyboard in Resources */,
				500B3D031BD39355005766D5 /* Assets.xcassets in Resources */,
				500B3D011BD39355005766D5 /* Main.storyboard in Resources */,
			);
			runOnlyForDeploymentPostprocessing = 0;
		};
		500B3D0D1BD39360005766D5 /* Resources */ = {
			isa = PBXResourcesBuildPhase;
			buildActionMask = 2147483647;
			files = (
				500B3D151BD39360005766D5 /* Assets.xcassets in Resources */,
				500B3D131BD39360005766D5 /* Interface.storyboard in Resources */,
			);
			runOnlyForDeploymentPostprocessing = 0;
		};
		500B3D191BD39360005766D5 /* Resources */ = {
			isa = PBXResourcesBuildPhase;
			buildActionMask = 2147483647;
			files = (
				500B3D351BD39400005766D5 /* Videos in Resources */,
				500B3D251BD39360005766D5 /* Assets.xcassets in Resources */,
			);
			runOnlyForDeploymentPostprocessing = 0;
		};
/* End PBXResourcesBuildPhase section */

/* Begin PBXSourcesBuildPhase section */
		500B3CF41BD39355005766D5 /* Sources */ = {
			isa = PBXSourcesBuildPhase;
			buildActionMask = 2147483647;
			files = (
				500B3CFE1BD39355005766D5 /* ViewController.swift in Sources */,
				500B3CFC1BD39355005766D5 /* AppDelegate.swift in Sources */,
			);
			runOnlyForDeploymentPostprocessing = 0;
		};
		500B3D171BD39360005766D5 /* Sources */ = {
			isa = PBXSourcesBuildPhase;
			buildActionMask = 2147483647;
			files = (
				500B3D231BD39360005766D5 /* ExtensionDelegate.swift in Sources */,
				500B3D331BD393F4005766D5 /* VideoRowController.swift in Sources */,
				500B3D211BD39360005766D5 /* InterfaceController.swift in Sources */,
			);
			runOnlyForDeploymentPostprocessing = 0;
		};
/* End PBXSourcesBuildPhase section */

/* Begin PBXTargetDependency section */
		500B3D1E1BD39360005766D5 /* PBXTargetDependency */ = {
			isa = PBXTargetDependency;
			target = 500B3D1A1BD39360005766D5 /* WatchApp Extension */;
			targetProxy = 500B3D1D1BD39360005766D5 /* PBXContainerItemProxy */;
		};
		500B3D281BD39360005766D5 /* PBXTargetDependency */ = {
			isa = PBXTargetDependency;
			target = 500B3D0E1BD39360005766D5 /* WatchApp */;
			targetProxy = 500B3D271BD39360005766D5 /* PBXContainerItemProxy */;
		};
/* End PBXTargetDependency section */

/* Begin PBXVariantGroup section */
		500B3CFF1BD39355005766D5 /* Main.storyboard */ = {
			isa = PBXVariantGroup;
			children = (
				500B3D001BD39355005766D5 /* Base */,
			);
			name = Main.storyboard;
			sourceTree = "<group>";
		};
		500B3D041BD39355005766D5 /* LaunchScreen.storyboard */ = {
			isa = PBXVariantGroup;
			children = (
				500B3D051BD39355005766D5 /* Base */,
			);
			name = LaunchScreen.storyboard;
			sourceTree = "<group>";
		};
		500B3D111BD39360005766D5 /* Interface.storyboard */ = {
			isa = PBXVariantGroup;
			children = (
				500B3D121BD39360005766D5 /* Base */,
			);
			name = Interface.storyboard;
			sourceTree = "<group>";
		};
/* End PBXVariantGroup section */

/* Begin XCBuildConfiguration section */
		500B3D081BD39355005766D5 /* Debug */ = {
			isa = XCBuildConfiguration;
			buildSettings = {
				ALWAYS_SEARCH_USER_PATHS = NO;
				CLANG_CXX_LANGUAGE_STANDARD = "gnu++0x";
				CLANG_CXX_LIBRARY = "libc++";
				CLANG_ENABLE_MODULES = YES;
				CLANG_ENABLE_OBJC_ARC = YES;
				CLANG_WARN_BOOL_CONVERSION = YES;
				CLANG_WARN_CONSTANT_CONVERSION = YES;
				CLANG_WARN_DIRECT_OBJC_ISA_USAGE = YES_ERROR;
				CLANG_WARN_EMPTY_BODY = YES;
				CLANG_WARN_ENUM_CONVERSION = YES;
				CLANG_WARN_INT_CONVERSION = YES;
				CLANG_WARN_OBJC_ROOT_CLASS = YES_ERROR;
				CLANG_WARN_UNREACHABLE_CODE = YES;
				CLANG_WARN__DUPLICATE_METHOD_MATCH = YES;
				"CODE_SIGN_IDENTITY[sdk=iphoneos*]" = "iPhone Developer";
				COPY_PHASE_STRIP = NO;
				DEBUG_INFORMATION_FORMAT = dwarf;
				ENABLE_STRICT_OBJC_MSGSEND = YES;
				ENABLE_TESTABILITY = YES;
				GCC_C_LANGUAGE_STANDARD = gnu99;
				GCC_DYNAMIC_NO_PIC = NO;
				GCC_NO_COMMON_BLOCKS = YES;
				GCC_OPTIMIZATION_LEVEL = 0;
				GCC_PREPROCESSOR_DEFINITIONS = (
					"DEBUG=1",
					"$(inherited)",
				);
				GCC_WARN_64_TO_32_BIT_CONVERSION = YES;
				GCC_WARN_ABOUT_RETURN_TYPE = YES_ERROR;
				GCC_WARN_UNDECLARED_SELECTOR = YES;
				GCC_WARN_UNINITIALIZED_AUTOS = YES_AGGRESSIVE;
				GCC_WARN_UNUSED_FUNCTION = YES;
				GCC_WARN_UNUSED_VARIABLE = YES;
				IPHONEOS_DEPLOYMENT_TARGET = 9.0;
				MTL_ENABLE_DEBUG_INFO = YES;
				ONLY_ACTIVE_ARCH = YES;
				SDKROOT = iphoneos;
				SWIFT_OPTIMIZATION_LEVEL = "-Onone";
			};
			name = Debug;
		};
		500B3D091BD39355005766D5 /* Release */ = {
			isa = XCBuildConfiguration;
			buildSettings = {
				ALWAYS_SEARCH_USER_PATHS = NO;
				CLANG_CXX_LANGUAGE_STANDARD = "gnu++0x";
				CLANG_CXX_LIBRARY = "libc++";
				CLANG_ENABLE_MODULES = YES;
				CLANG_ENABLE_OBJC_ARC = YES;
				CLANG_WARN_BOOL_CONVERSION = YES;
				CLANG_WARN_CONSTANT_CONVERSION = YES;
				CLANG_WARN_DIRECT_OBJC_ISA_USAGE = YES_ERROR;
				CLANG_WARN_EMPTY_BODY = YES;
				CLANG_WARN_ENUM_CONVERSION = YES;
				CLANG_WARN_INT_CONVERSION = YES;
				CLANG_WARN_OBJC_ROOT_CLASS = YES_ERROR;
				CLANG_WARN_UNREACHABLE_CODE = YES;
				CLANG_WARN__DUPLICATE_METHOD_MATCH = YES;
				"CODE_SIGN_IDENTITY[sdk=iphoneos*]" = "iPhone Developer";
				COPY_PHASE_STRIP = NO;
				DEBUG_INFORMATION_FORMAT = "dwarf-with-dsym";
				ENABLE_NS_ASSERTIONS = NO;
				ENABLE_STRICT_OBJC_MSGSEND = YES;
				GCC_C_LANGUAGE_STANDARD = gnu99;
				GCC_NO_COMMON_BLOCKS = YES;
				GCC_WARN_64_TO_32_BIT_CONVERSION = YES;
				GCC_WARN_ABOUT_RETURN_TYPE = YES_ERROR;
				GCC_WARN_UNDECLARED_SELECTOR = YES;
				GCC_WARN_UNINITIALIZED_AUTOS = YES_AGGRESSIVE;
				GCC_WARN_UNUSED_FUNCTION = YES;
				GCC_WARN_UNUSED_VARIABLE = YES;
				IPHONEOS_DEPLOYMENT_TARGET = 9.0;
				MTL_ENABLE_DEBUG_INFO = NO;
				SDKROOT = iphoneos;
				VALIDATE_PRODUCT = YES;
			};
			name = Release;
		};
		500B3D0B1BD39355005766D5 /* Debug */ = {
			isa = XCBuildConfiguration;
			buildSettings = {
				ASSETCATALOG_COMPILER_APPICON_NAME = AppIcon;
				INFOPLIST_FILE = MoviePlaybackExample/Info.plist;
				LD_RUNPATH_SEARCH_PATHS = "$(inherited) @executable_path/Frameworks";
				PRODUCT_BUNDLE_IDENTIFIER = it.bigatti.samples.MoviePlaybackExample;
				PRODUCT_NAME = "$(TARGET_NAME)";
			};
			name = Debug;
		};
		500B3D0C1BD39355005766D5 /* Release */ = {
			isa = XCBuildConfiguration;
			buildSettings = {
				ASSETCATALOG_COMPILER_APPICON_NAME = AppIcon;
				INFOPLIST_FILE = MoviePlaybackExample/Info.plist;
				LD_RUNPATH_SEARCH_PATHS = "$(inherited) @executable_path/Frameworks";
				PRODUCT_BUNDLE_IDENTIFIER = it.bigatti.samples.MoviePlaybackExample;
				PRODUCT_NAME = "$(TARGET_NAME)";
			};
			name = Release;
		};
		500B3D2B1BD39360005766D5 /* Debug */ = {
			isa = XCBuildConfiguration;
			buildSettings = {
				INFOPLIST_FILE = "WatchApp Extension/Info.plist";
				LD_RUNPATH_SEARCH_PATHS = "$(inherited) @executable_path/Frameworks @executable_path/../../Frameworks";
				PRODUCT_BUNDLE_IDENTIFIER = it.bigatti.samples.MoviePlaybackExample.watchkitapp.watchkitextension;
				PRODUCT_NAME = "${TARGET_NAME}";
				SDKROOT = watchos;
				SKIP_INSTALL = YES;
				TARGETED_DEVICE_FAMILY = 4;
				WATCHOS_DEPLOYMENT_TARGET = 2.0;
			};
			name = Debug;
		};
		500B3D2C1BD39360005766D5 /* Release */ = {
			isa = XCBuildConfiguration;
			buildSettings = {
				INFOPLIST_FILE = "WatchApp Extension/Info.plist";
				LD_RUNPATH_SEARCH_PATHS = "$(inherited) @executable_path/Frameworks @executable_path/../../Frameworks";
				PRODUCT_BUNDLE_IDENTIFIER = it.bigatti.samples.MoviePlaybackExample.watchkitapp.watchkitextension;
				PRODUCT_NAME = "${TARGET_NAME}";
				SDKROOT = watchos;
				SKIP_INSTALL = YES;
				TARGETED_DEVICE_FAMILY = 4;
				WATCHOS_DEPLOYMENT_TARGET = 2.0;
			};
			name = Release;
		};
		500B3D2F1BD39360005766D5 /* Debug */ = {
			isa = XCBuildConfiguration;
			buildSettings = {
				ASSETCATALOG_COMPILER_APPICON_NAME = AppIcon;
				EMBEDDED_CONTENT_CONTAINS_SWIFT = YES;
				IBSC_MODULE = WatchApp_Extension;
				INFOPLIST_FILE = WatchApp/Info.plist;
				PRODUCT_BUNDLE_IDENTIFIER = it.bigatti.samples.MoviePlaybackExample.watchkitapp;
				PRODUCT_NAME = "$(TARGET_NAME)";
				SDKROOT = watchos;
				SKIP_INSTALL = YES;
				TARGETED_DEVICE_FAMILY = 4;
				WATCHOS_DEPLOYMENT_TARGET = 2.0;
			};
			name = Debug;
		};
		500B3D301BD39360005766D5 /* Release */ = {
			isa = XCBuildConfiguration;
			buildSettings = {
				ASSETCATALOG_COMPILER_APPICON_NAME = AppIcon;
				EMBEDDED_CONTENT_CONTAINS_SWIFT = YES;
				IBSC_MODULE = WatchApp_Extension;
				INFOPLIST_FILE = WatchApp/Info.plist;
				PRODUCT_BUNDLE_IDENTIFIER = it.bigatti.samples.MoviePlaybackExample.watchkitapp;
				PRODUCT_NAME = "$(TARGET_NAME)";
				SDKROOT = watchos;
				SKIP_INSTALL = YES;
				TARGETED_DEVICE_FAMILY = 4;
				WATCHOS_DEPLOYMENT_TARGET = 2.0;
			};
			name = Release;
		};
/* End XCBuildConfiguration section */

/* Begin XCConfigurationList section */
		500B3CF31BD39355005766D5 /* Build configuration list for PBXProject "MoviePlaybackExample" */ = {
			isa = XCConfigurationList;
			buildConfigurations = (
				500B3D081BD39355005766D5 /* Debug */,
				500B3D091BD39355005766D5 /* Release */,
			);
			defaultConfigurationIsVisible = 0;
			defaultConfigurationName = Release;
		};
		500B3D0A1BD39355005766D5 /* Build configuration list for PBXNativeTarget "MoviePlaybackExample" */ = {
			isa = XCConfigurationList;
			buildConfigurations = (
				500B3D0B1BD39355005766D5 /* Debug */,
				500B3D0C1BD39355005766D5 /* Release */,
			);
			defaultConfigurationIsVisible = 0;
		};
		500B3D2A1BD39360005766D5 /* Build configuration list for PBXNativeTarget "WatchApp Extension" */ = {
			isa = XCConfigurationList;
			buildConfigurations = (
				500B3D2B1BD39360005766D5 /* Debug */,
				500B3D2C1BD39360005766D5 /* Release */,
			);
			defaultConfigurationIsVisible = 0;
		};
		500B3D2E1BD39360005766D5 /* Build configuration list for PBXNativeTarget "WatchApp" */ = {
			isa = XCConfigurationList;
			buildConfigurations = (
				500B3D2F1BD39360005766D5 /* Debug */,
				500B3D301BD39360005766D5 /* Release */,
			);
			defaultConfigurationIsVisible = 0;
		};
/* End XCConfigurationList section */
	};
	rootObject = 500B3CF01BD39355005766D5 /* Project object */;
}
