// !$*UTF8*$!
{
	archiveVersion = 1;
	classes = {
	};
	objectVersion = 46;
	objects = {

/* Begin PBXBuildFile section */
		50EEA6DC1B65428B00F8878B /* AppDelegate.swift in Sources */ = {isa = PBXBuildFile; fileRef = 50EEA6DB1B65428B00F8878B /* AppDelegate.swift */; };
		50EEA6DE1B65428B00F8878B /* ViewController.swift in Sources */ = {isa = PBXBuildFile; fileRef = 50EEA6DD1B65428B00F8878B /* ViewController.swift */; };
		50EEA6E11B65428B00F8878B /* Main.storyboard in Resources */ = {isa = PBXBuildFile; fileRef = 50EEA6DF1B65428B00F8878B /* Main.storyboard */; };
		50EEA6E31B65428C00F8878B /* Assets.xcassets in Resources */ = {isa = PBXBuildFile; fileRef = 50EEA6E21B65428C00F8878B /* Assets.xcassets */; };
		50EEA6E61B65428C00F8878B /* LaunchScreen.storyboard in Resources */ = {isa = PBXBuildFile; fileRef = 50EEA6E41B65428C00F8878B /* LaunchScreen.storyboard */; };
		50EEA6F31B65429600F8878B /* Interface.storyboard in Resources */ = {isa = PBXBuildFile; fileRef = 50EEA6F11B65429600F8878B /* Interface.storyboard */; };
		50EEA6F51B65429600F8878B /* Assets.xcassets in Resources */ = {isa = PBXBuildFile; fileRef = 50EEA6F41B65429600F8878B /* Assets.xcassets */; };
		50EEA6FC1B65429600F8878B /* WatchApp Extension.appex in Embed App Extensions */ = {isa = PBXBuildFile; fileRef = 50EEA6FB1B65429600F8878B /* WatchApp Extension.appex */; settings = {ATTRIBUTES = (RemoveHeadersOnCopy, ); }; };
		50EEA7011B65429600F8878B /* TodayEventsInterfaceController.swift in Sources */ = {isa = PBXBuildFile; fileRef = 50EEA7001B65429600F8878B /* TodayEventsInterfaceController.swift */; };
		50EEA7031B65429600F8878B /* ExtensionDelegate.swift in Sources */ = {isa = PBXBuildFile; fileRef = 50EEA7021B65429600F8878B /* ExtensionDelegate.swift */; };
		50EEA7051B65429600F8878B /* Assets.xcassets in Resources */ = {isa = PBXBuildFile; fileRef = 50EEA7041B65429600F8878B /* Assets.xcassets */; };
		50EEA7091B65429600F8878B /* WatchApp.app in Embed Watch Content */ = {isa = PBXBuildFile; fileRef = 50EEA6EF1B65429600F8878B /* WatchApp.app */; };
		50EEA7131B660D2B00F8878B /* EventRowController.swift in Sources */ = {isa = PBXBuildFile; fileRef = 50EEA7121B660D2B00F8878B /* EventRowController.swift */; };
		50EEA7151B66120900F8878B /* EventDetailInterfaceController.swift in Sources */ = {isa = PBXBuildFile; fileRef = 50EEA7141B66120900F8878B /* EventDetailInterfaceController.swift */; };
		50EEA7171B66196400F8878B /* EKEvent+Duration.swift in Sources */ = {isa = PBXBuildFile; fileRef = 50EEA7161B66196400F8878B /* EKEvent+Duration.swift */; };
/* End PBXBuildFile section */

/* Begin PBXContainerItemProxy section */
		50EEA6FD1B65429600F8878B /* PBXContainerItemProxy */ = {
			isa = PBXContainerItemProxy;
			containerPortal = 50EEA6D01B65428B00F8878B /* Project object */;
			proxyType = 1;
			remoteGlobalIDString = 50EEA6FA1B65429600F8878B;
			remoteInfo = "WatchApp Extension";
		};
		50EEA7071B65429600F8878B /* PBXContainerItemProxy */ = {
			isa = PBXContainerItemProxy;
			containerPortal = 50EEA6D01B65428B00F8878B /* Project object */;
			proxyType = 1;
			remoteGlobalIDString = 50EEA6EE1B65429600F8878B;
			remoteInfo = WatchApp;
		};
/* End PBXContainerItemProxy section */

/* Begin PBXCopyFilesBuildPhase section */
		50EEA70D1B65429600F8878B /* Embed App Extensions */ = {
			isa = PBXCopyFilesBuildPhase;
			buildActionMask = 2147483647;
			dstPath = "";
			dstSubfolderSpec = 13;
			files = (
				50EEA6FC1B65429600F8878B /* WatchApp Extension.appex in Embed App Extensions */,
			);
			name = "Embed App Extensions";
			runOnlyForDeploymentPostprocessing = 0;
		};
		50EEA7111B65429600F8878B /* Embed Watch Content */ = {
			isa = PBXCopyFilesBuildPhase;
			buildActionMask = 2147483647;
			dstPath = "$(CONTENTS_FOLDER_PATH)/Watch";
			dstSubfolderSpec = 16;
			files = (
				50EEA7091B65429600F8878B /* WatchApp.app in Embed Watch Content */,
			);
			name = "Embed Watch Content";
			runOnlyForDeploymentPostprocessing = 0;
		};
/* End PBXCopyFilesBuildPhase section */

/* Begin PBXFileReference section */
		50EEA6D81B65428B00F8878B /* CalendarApp.app */ = {isa = PBXFileReference; explicitFileType = wrapper.application; includeInIndex = 0; path = CalendarApp.app; sourceTree = BUILT_PRODUCTS_DIR; };
		50EEA6DB1B65428B00F8878B /* AppDelegate.swift */ = {isa = PBXFileReference; lastKnownFileType = sourcecode.swift; path = AppDelegate.swift; sourceTree = "<group>"; };
		50EEA6DD1B65428B00F8878B /* ViewController.swift */ = {isa = PBXFileReference; lastKnownFileType = sourcecode.swift; path = ViewController.swift; sourceTree = "<group>"; };
		50EEA6E01B65428B00F8878B /* Base */ = {isa = PBXFileReference; lastKnownFileType = file.storyboard; name = Base; path = Base.lproj/Main.storyboard; sourceTree = "<group>"; };
		50EEA6E21B65428C00F8878B /* Assets.xcassets */ = {isa = PBXFileReference; lastKnownFileType = folder.assetcatalog; path = Assets.xcassets; sourceTree = "<group>"; };
		50EEA6E51B65428C00F8878B /* Base */ = {isa = PBXFileReference; lastKnownFileType = file.storyboard; name = Base; path = Base.lproj/LaunchScreen.storyboard; sourceTree = "<group>"; };
		50EEA6E71B65428C00F8878B /* Info.plist */ = {isa = PBXFileReference; lastKnownFileType = text.plist.xml; path = Info.plist; sourceTree = "<group>"; };
		50EEA6EF1B65429600F8878B /* WatchApp.app */ = {isa = PBXFileReference; explicitFileType = wrapper.application; includeInIndex = 0; path = WatchApp.app; sourceTree = BUILT_PRODUCTS_DIR; };
		50EEA6F21B65429600F8878B /* Base */ = {isa = PBXFileReference; lastKnownFileType = file.storyboard; name = Base; path = Base.lproj/Interface.storyboard; sourceTree = "<group>"; };
		50EEA6F41B65429600F8878B /* Assets.xcassets */ = {isa = PBXFileReference; lastKnownFileType = folder.assetcatalog; path = Assets.xcassets; sourceTree = "<group>"; };
		50EEA6F61B65429600F8878B /* Info.plist */ = {isa = PBXFileReference; lastKnownFileType = text.plist.xml; path = Info.plist; sourceTree = "<group>"; };
		50EEA6FB1B65429600F8878B /* WatchApp Extension.appex */ = {isa = PBXFileReference; explicitFileType = "wrapper.app-extension"; includeInIndex = 0; path = "WatchApp Extension.appex"; sourceTree = BUILT_PRODUCTS_DIR; };
		50EEA7001B65429600F8878B /* TodayEventsInterfaceController.swift */ = {isa = PBXFileReference; lastKnownFileType = sourcecode.swift; path = TodayEventsInterfaceController.swift; sourceTree = "<group>"; };
		50EEA7021B65429600F8878B /* ExtensionDelegate.swift */ = {isa = PBXFileReference; lastKnownFileType = sourcecode.swift; path = ExtensionDelegate.swift; sourceTree = "<group>"; };
		50EEA7041B65429600F8878B /* Assets.xcassets */ = {isa = PBXFileReference; lastKnownFileType = folder.assetcatalog; path = Assets.xcassets; sourceTree = "<group>"; };
		50EEA7061B65429600F8878B /* Info.plist */ = {isa = PBXFileReference; lastKnownFileType = text.plist.xml; path = Info.plist; sourceTree = "<group>"; };
		50EEA7121B660D2B00F8878B /* EventRowController.swift */ = {isa = PBXFileReference; fileEncoding = 4; lastKnownFileType = sourcecode.swift; path = EventRowController.swift; sourceTree = "<group>"; };
		50EEA7141B66120900F8878B /* EventDetailInterfaceController.swift */ = {isa = PBXFileReference; fileEncoding = 4; lastKnownFileType = sourcecode.swift; path = EventDetailInterfaceController.swift; sourceTree = "<group>"; };
		50EEA7161B66196400F8878B /* EKEvent+Duration.swift */ = {isa = PBXFileReference; fileEncoding = 4; lastKnownFileType = sourcecode.swift; path = "EKEvent+Duration.swift"; sourceTree = "<group>"; };
/* End PBXFileReference section */

/* Begin PBXFrameworksBuildPhase section */
		50EEA6D51B65428B00F8878B /* Frameworks */ = {
			isa = PBXFrameworksBuildPhase;
			buildActionMask = 2147483647;
			files = (
			);
			runOnlyForDeploymentPostprocessing = 0;
		};
		50EEA6F81B65429600F8878B /* Frameworks */ = {
			isa = PBXFrameworksBuildPhase;
			buildActionMask = 2147483647;
			files = (
			);
			runOnlyForDeploymentPostprocessing = 0;
		};
/* End PBXFrameworksBuildPhase section */

/* Begin PBXGroup section */
		50EEA6CF1B65428B00F8878B = {
			isa = PBXGroup;
			children = (
				50EEA6DA1B65428B00F8878B /* CalendarApp */,
				50EEA6F01B65429600F8878B /* WatchApp */,
				50EEA6FF1B65429600F8878B /* WatchApp Extension */,
				50EEA6D91B65428B00F8878B /* Products */,
			);
			sourceTree = "<group>";
		};
		50EEA6D91B65428B00F8878B /* Products */ = {
			isa = PBXGroup;
			children = (
				50EEA6D81B65428B00F8878B /* CalendarApp.app */,
				50EEA6EF1B65429600F8878B /* WatchApp.app */,
				50EEA6FB1B65429600F8878B /* WatchApp Extension.appex */,
			);
			name = Products;
			sourceTree = "<group>";
		};
		50EEA6DA1B65428B00F8878B /* CalendarApp */ = {
			isa = PBXGroup;
			children = (
				50EEA6DB1B65428B00F8878B /* AppDelegate.swift */,
				50EEA6DD1B65428B00F8878B /* ViewController.swift */,
				50EEA6DF1B65428B00F8878B /* Main.storyboard */,
				50EEA6E21B65428C00F8878B /* Assets.xcassets */,
				50EEA6E41B65428C00F8878B /* LaunchScreen.storyboard */,
				50EEA6E71B65428C00F8878B /* Info.plist */,
			);
			path = CalendarApp;
			sourceTree = "<group>";
		};
		50EEA6F01B65429600F8878B /* WatchApp */ = {
			isa = PBXGroup;
			children = (
				50EEA6F11B65429600F8878B /* Interface.storyboard */,
				50EEA6F41B65429600F8878B /* Assets.xcassets */,
				50EEA6F61B65429600F8878B /* Info.plist */,
			);
			path = WatchApp;
			sourceTree = "<group>";
		};
		50EEA6FF1B65429600F8878B /* WatchApp Extension */ = {
			isa = PBXGroup;
			children = (
				50EEA7021B65429600F8878B /* ExtensionDelegate.swift */,
				50EEA7001B65429600F8878B /* TodayEventsInterfaceController.swift */,
				50EEA7121B660D2B00F8878B /* EventRowController.swift */,
				50EEA7141B66120900F8878B /* EventDetailInterfaceController.swift */,
				50EEA7161B66196400F8878B /* EKEvent+Duration.swift */,
				50EEA7041B65429600F8878B /* Assets.xcassets */,
				50EEA7061B65429600F8878B /* Info.plist */,
			);
			path = "WatchApp Extension";
			sourceTree = "<group>";
		};
/* End PBXGroup section */

/* Begin PBXNativeTarget section */
		50EEA6D71B65428B00F8878B /* CalendarApp */ = {
			isa = PBXNativeTarget;
			buildConfigurationList = 50EEA6EA1B65428C00F8878B /* Build configuration list for PBXNativeTarget "CalendarApp" */;
			buildPhases = (
				50EEA6D41B65428B00F8878B /* Sources */,
				50EEA6D51B65428B00F8878B /* Frameworks */,
				50EEA6D61B65428B00F8878B /* Resources */,
				50EEA7111B65429600F8878B /* Embed Watch Content */,
			);
			buildRules = (
			);
			dependencies = (
				50EEA7081B65429600F8878B /* PBXTargetDependency */,
			);
			name = CalendarApp;
			productName = CalendarApp;
			productReference = 50EEA6D81B65428B00F8878B /* CalendarApp.app */;
			productType = "com.apple.product-type.application";
		};
		50EEA6EE1B65429600F8878B /* WatchApp */ = {
			isa = PBXNativeTarget;
			buildConfigurationList = 50EEA70E1B65429600F8878B /* Build configuration list for PBXNativeTarget "WatchApp" */;
			buildPhases = (
				50EEA6ED1B65429600F8878B /* Resources */,
				50EEA70D1B65429600F8878B /* Embed App Extensions */,
			);
			buildRules = (
			);
			dependencies = (
				50EEA6FE1B65429600F8878B /* PBXTargetDependency */,
			);
			name = WatchApp;
			productName = WatchApp;
			productReference = 50EEA6EF1B65429600F8878B /* WatchApp.app */;
			productType = "com.apple.product-type.application.watchapp2";
		};
		50EEA6FA1B65429600F8878B /* WatchApp Extension */ = {
			isa = PBXNativeTarget;
			buildConfigurationList = 50EEA70A1B65429600F8878B /* Build configuration list for PBXNativeTarget "WatchApp Extension" */;
			buildPhases = (
				50EEA6F71B65429600F8878B /* Sources */,
				50EEA6F81B65429600F8878B /* Frameworks */,
				50EEA6F91B65429600F8878B /* Resources */,
			);
			buildRules = (
			);
			dependencies = (
			);
			name = "WatchApp Extension";
			productName = "WatchApp Extension";
			productReference = 50EEA6FB1B65429600F8878B /* WatchApp Extension.appex */;
			productType = "com.apple.product-type.watchkit2-extension";
		};
/* End PBXNativeTarget section */

/* Begin PBXProject section */
		50EEA6D01B65428B00F8878B /* Project object */ = {
			isa = PBXProject;
			attributes = {
				LastUpgradeCheck = 0700;
				ORGANIZATIONNAME = "Massimiliano Bigatti";
				TargetAttributes = {
					50EEA6D71B65428B00F8878B = {
						CreatedOnToolsVersion = 7.0;
					};
					50EEA6EE1B65429600F8878B = {
						CreatedOnToolsVersion = 7.0;
					};
					50EEA6FA1B65429600F8878B = {
						CreatedOnToolsVersion = 7.0;
					};
				};
			};
			buildConfigurationList = 50EEA6D31B65428B00F8878B /* Build configuration list for PBXProject "CalendarApp" */;
			compatibilityVersion = "Xcode 3.2";
			developmentRegion = English;
			hasScannedForEncodings = 0;
			knownRegions = (
				en,
				Base,
			);
			mainGroup = 50EEA6CF1B65428B00F8878B;
			productRefGroup = 50EEA6D91B65428B00F8878B /* Products */;
			projectDirPath = "";
			projectRoot = "";
			targets = (
				50EEA6D71B65428B00F8878B /* CalendarApp */,
				50EEA6EE1B65429600F8878B /* WatchApp */,
				50EEA6FA1B65429600F8878B /* WatchApp Extension */,
			);
		};
/* End PBXProject section */

/* Begin PBXResourcesBuildPhase section */
		50EEA6D61B65428B00F8878B /* Resources */ = {
			isa = PBXResourcesBuildPhase;
			buildActionMask = 2147483647;
			files = (
				50EEA6E61B65428C00F8878B /* LaunchScreen.storyboard in Resources */,
				50EEA6E31B65428C00F8878B /* Assets.xcassets in Resources */,
				50EEA6E11B65428B00F8878B /* Main.storyboard in Resources */,
			);
			runOnlyForDeploymentPostprocessing = 0;
		};
		50EEA6ED1B65429600F8878B /* Resources */ = {
			isa = PBXResourcesBuildPhase;
			buildActionMask = 2147483647;
			files = (
				50EEA6F51B65429600F8878B /* Assets.xcassets in Resources */,
				50EEA6F31B65429600F8878B /* Interface.storyboard in Resources */,
			);
			runOnlyForDeploymentPostprocessing = 0;
		};
		50EEA6F91B65429600F8878B /* Resources */ = {
			isa = PBXResourcesBuildPhase;
			buildActionMask = 2147483647;
			files = (
				50EEA7051B65429600F8878B /* Assets.xcassets in Resources */,
			);
			runOnlyForDeploymentPostprocessing = 0;
		};
/* End PBXResourcesBuildPhase section */

/* Begin PBXSourcesBuildPhase section */
		50EEA6D41B65428B00F8878B /* Sources */ = {
			isa = PBXSourcesBuildPhase;
			buildActionMask = 2147483647;
			files = (
				50EEA6DE1B65428B00F8878B /* ViewController.swift in Sources */,
				50EEA6DC1B65428B00F8878B /* AppDelegate.swift in Sources */,
			);
			runOnlyForDeploymentPostprocessing = 0;
		};
		50EEA6F71B65429600F8878B /* Sources */ = {
			isa = PBXSourcesBuildPhase;
			buildActionMask = 2147483647;
			files = (
				50EEA7031B65429600F8878B /* ExtensionDelegate.swift in Sources */,
				50EEA7151B66120900F8878B /* EventDetailInterfaceController.swift in Sources */,
				50EEA7171B66196400F8878B /* EKEvent+Duration.swift in Sources */,
				50EEA7011B65429600F8878B /* TodayEventsInterfaceController.swift in Sources */,
				50EEA7131B660D2B00F8878B /* EventRowController.swift in Sources */,
			);
			runOnlyForDeploymentPostprocessing = 0;
		};
/* End PBXSourcesBuildPhase section */

/* Begin PBXTargetDependency section */
		50EEA6FE1B65429600F8878B /* PBXTargetDependency */ = {
			isa = PBXTargetDependency;
			target = 50EEA6FA1B65429600F8878B /* WatchApp Extension */;
			targetProxy = 50EEA6FD1B65429600F8878B /* PBXContainerItemProxy */;
		};
		50EEA7081B65429600F8878B /* PBXTargetDependency */ = {
			isa = PBXTargetDependency;
			target = 50EEA6EE1B65429600F8878B /* WatchApp */;
			targetProxy = 50EEA7071B65429600F8878B /* PBXContainerItemProxy */;
		};
/* End PBXTargetDependency section */

/* Begin PBXVariantGroup section */
		50EEA6DF1B65428B00F8878B /* Main.storyboard */ = {
			isa = PBXVariantGroup;
			children = (
				50EEA6E01B65428B00F8878B /* Base */,
			);
			name = Main.storyboard;
			sourceTree = "<group>";
		};
		50EEA6E41B65428C00F8878B /* LaunchScreen.storyboard */ = {
			isa = PBXVariantGroup;
			children = (
				50EEA6E51B65428C00F8878B /* Base */,
			);
			name = LaunchScreen.storyboard;
			sourceTree = "<group>";
		};
		50EEA6F11B65429600F8878B /* Interface.storyboard */ = {
			isa = PBXVariantGroup;
			children = (
				50EEA6F21B65429600F8878B /* Base */,
			);
			name = Interface.storyboard;
			sourceTree = "<group>";
		};
/* End PBXVariantGroup section */

/* Begin XCBuildConfiguration section */
		50EEA6E81B65428C00F8878B /* Debug */ = {
			isa = XCBuildConfiguration;
			buildSettings = {
				ALWAYS_SEARCH_USER_PATHS = NO;
				CLANG_CXX_LANGUAGE_STANDARD = "gnu++0x";
				CLANG_CXX_LIBRARY = "libc++";
				CLANG_ENABLE_MODULES = YES;
				CLANG_ENABLE_OBJC_ARC = YES;
				CLANG_WARN_BOOL_CONVERSION = YES;
				CLANG_WARN_CONSTANT_CONVERSION = YES;
				CLANG_WARN_DIRECT_OBJC_ISA_USAGE = YES_ERROR;
				CLANG_WARN_EMPTY_BODY = YES;
				CLANG_WARN_ENUM_CONVERSION = YES;
				CLANG_WARN_INT_CONVERSION = YES;
				CLANG_WARN_OBJC_ROOT_CLASS = YES_ERROR;
				CLANG_WARN_UNREACHABLE_CODE = YES;
				CLANG_WARN__DUPLICATE_METHOD_MATCH = YES;
				"CODE_SIGN_IDENTITY[sdk=iphoneos*]" = "iPhone Developer";
				COPY_PHASE_STRIP = NO;
				DEBUG_INFORMATION_FORMAT = dwarf;
				ENABLE_STRICT_OBJC_MSGSEND = YES;
				ENABLE_TESTABILITY = YES;
				GCC_C_LANGUAGE_STANDARD = gnu99;
				GCC_DYNAMIC_NO_PIC = NO;
				GCC_NO_COMMON_BLOCKS = YES;
				GCC_OPTIMIZATION_LEVEL = 0;
				GCC_PREPROCESSOR_DEFINITIONS = (
					"DEBUG=1",
					"$(inherited)",
				);
				GCC_WARN_64_TO_32_BIT_CONVERSION = YES;
				GCC_WARN_ABOUT_RETURN_TYPE = YES_ERROR;
				GCC_WARN_UNDECLARED_SELECTOR = YES;
				GCC_WARN_UNINITIALIZED_AUTOS = YES_AGGRESSIVE;
				GCC_WARN_UNUSED_FUNCTION = YES;
				GCC_WARN_UNUSED_VARIABLE = YES;
				IPHONEOS_DEPLOYMENT_TARGET = 9.0;
				MTL_ENABLE_DEBUG_INFO = YES;
				ONLY_ACTIVE_ARCH = YES;
				SDKROOT = iphoneos;
				SWIFT_OPTIMIZATION_LEVEL = "-Onone";
			};
			name = Debug;
		};
		50EEA6E91B65428C00F8878B /* Release */ = {
			isa = XCBuildConfiguration;
			buildSettings = {
				ALWAYS_SEARCH_USER_PATHS = NO;
				CLANG_CXX_LANGUAGE_STANDARD = "gnu++0x";
				CLANG_CXX_LIBRARY = "libc++";
				CLANG_ENABLE_MODULES = YES;
				CLANG_ENABLE_OBJC_ARC = YES;
				CLANG_WARN_BOOL_CONVERSION = YES;
				CLANG_WARN_CONSTANT_CONVERSION = YES;
				CLANG_WARN_DIRECT_OBJC_ISA_USAGE = YES_ERROR;
				CLANG_WARN_EMPTY_BODY = YES;
				CLANG_WARN_ENUM_CONVERSION = YES;
				CLANG_WARN_INT_CONVERSION = YES;
				CLANG_WARN_OBJC_ROOT_CLASS = YES_ERROR;
				CLANG_WARN_UNREACHABLE_CODE = YES;
				CLANG_WARN__DUPLICATE_METHOD_MATCH = YES;
				"CODE_SIGN_IDENTITY[sdk=iphoneos*]" = "iPhone Developer";
				COPY_PHASE_STRIP = NO;
				DEBUG_INFORMATION_FORMAT = "dwarf-with-dsym";
				ENABLE_NS_ASSERTIONS = NO;
				ENABLE_STRICT_OBJC_MSGSEND = YES;
				GCC_C_LANGUAGE_STANDARD = gnu99;
				GCC_NO_COMMON_BLOCKS = YES;
				GCC_WARN_64_TO_32_BIT_CONVERSION = YES;
				GCC_WARN_ABOUT_RETURN_TYPE = YES_ERROR;
				GCC_WARN_UNDECLARED_SELECTOR = YES;
				GCC_WARN_UNINITIALIZED_AUTOS = YES_AGGRESSIVE;
				GCC_WARN_UNUSED_FUNCTION = YES;
				GCC_WARN_UNUSED_VARIABLE = YES;
				IPHONEOS_DEPLOYMENT_TARGET = 9.0;
				MTL_ENABLE_DEBUG_INFO = NO;
				SDKROOT = iphoneos;
				VALIDATE_PRODUCT = YES;
			};
			name = Release;
		};
		50EEA6EB1B65428C00F8878B /* Debug */ = {
			isa = XCBuildConfiguration;
			buildSettings = {
				ASSETCATALOG_COMPILER_APPICON_NAME = AppIcon;
				INFOPLIST_FILE = CalendarApp/Info.plist;
				LD_RUNPATH_SEARCH_PATHS = "$(inherited) @executable_path/Frameworks";
				PRODUCT_BUNDLE_IDENTIFIER = it.bigatti.samples.CalendarApp;
				PRODUCT_NAME = "$(TARGET_NAME)";
			};
			name = Debug;
		};
		50EEA6EC1B65428C00F8878B /* Release */ = {
			isa = XCBuildConfiguration;
			buildSettings = {
				ASSETCATALOG_COMPILER_APPICON_NAME = AppIcon;
				INFOPLIST_FILE = CalendarApp/Info.plist;
				LD_RUNPATH_SEARCH_PATHS = "$(inherited) @executable_path/Frameworks";
				PRODUCT_BUNDLE_IDENTIFIER = it.bigatti.samples.CalendarApp;
				PRODUCT_NAME = "$(TARGET_NAME)";
			};
			name = Release;
		};
		50EEA70B1B65429600F8878B /* Debug */ = {
			isa = XCBuildConfiguration;
			buildSettings = {
				INFOPLIST_FILE = "WatchApp Extension/Info.plist";
				LD_RUNPATH_SEARCH_PATHS = "$(inherited) @executable_path/Frameworks @executable_path/../../Frameworks";
				PRODUCT_BUNDLE_IDENTIFIER = it.bigatti.samples.CalendarApp.watchkitapp.watchkitextension;
				PRODUCT_NAME = "${TARGET_NAME}";
				SDKROOT = watchos;
				SKIP_INSTALL = YES;
				TARGETED_DEVICE_FAMILY = 4;
				WATCHOS_DEPLOYMENT_TARGET = 2.0;
			};
			name = Debug;
		};
		50EEA70C1B65429600F8878B /* Release */ = {
			isa = XCBuildConfiguration;
			buildSettings = {
				INFOPLIST_FILE = "WatchApp Extension/Info.plist";
				LD_RUNPATH_SEARCH_PATHS = "$(inherited) @executable_path/Frameworks @executable_path/../../Frameworks";
				PRODUCT_BUNDLE_IDENTIFIER = it.bigatti.samples.CalendarApp.watchkitapp.watchkitextension;
				PRODUCT_NAME = "${TARGET_NAME}";
				SDKROOT = watchos;
				SKIP_INSTALL = YES;
				TARGETED_DEVICE_FAMILY = 4;
				WATCHOS_DEPLOYMENT_TARGET = 2.0;
			};
			name = Release;
		};
		50EEA70F1B65429600F8878B /* Debug */ = {
			isa = XCBuildConfiguration;
			buildSettings = {
				ASSETCATALOG_COMPILER_APPICON_NAME = AppIcon;
				EMBEDDED_CONTENT_CONTAINS_SWIFT = YES;
				IBSC_MODULE = WatchApp_Extension;
				INFOPLIST_FILE = WatchApp/Info.plist;
				PRODUCT_BUNDLE_IDENTIFIER = it.bigatti.samples.CalendarApp.watchkitapp;
				PRODUCT_NAME = "$(TARGET_NAME)";
				SDKROOT = watchos;
				SKIP_INSTALL = YES;
				TARGETED_DEVICE_FAMILY = 4;
				WATCHOS_DEPLOYMENT_TARGET = 2.0;
			};
			name = Debug;
		};
		50EEA7101B65429600F8878B /* Release */ = {
			isa = XCBuildConfiguration;
			buildSettings = {
				ASSETCATALOG_COMPILER_APPICON_NAME = AppIcon;
				EMBEDDED_CONTENT_CONTAINS_SWIFT = YES;
				IBSC_MODULE = WatchApp_Extension;
				INFOPLIST_FILE = WatchApp/Info.plist;
				PRODUCT_BUNDLE_IDENTIFIER = it.bigatti.samples.CalendarApp.watchkitapp;
				PRODUCT_NAME = "$(TARGET_NAME)";
				SDKROOT = watchos;
				SKIP_INSTALL = YES;
				TARGETED_DEVICE_FAMILY = 4;
				WATCHOS_DEPLOYMENT_TARGET = 2.0;
			};
			name = Release;
		};
/* End XCBuildConfiguration section */

/* Begin XCConfigurationList section */
		50EEA6D31B65428B00F8878B /* Build configuration list for PBXProject "CalendarApp" */ = {
			isa = XCConfigurationList;
			buildConfigurations = (
				50EEA6E81B65428C00F8878B /* Debug */,
				50EEA6E91B65428C00F8878B /* Release */,
			);
			defaultConfigurationIsVisible = 0;
			defaultConfigurationName = Release;
		};
		50EEA6EA1B65428C00F8878B /* Build configuration list for PBXNativeTarget "CalendarApp" */ = {
			isa = XCConfigurationList;
			buildConfigurations = (
				50EEA6EB1B65428C00F8878B /* Debug */,
				50EEA6EC1B65428C00F8878B /* Release */,
			);
			defaultConfigurationIsVisible = 0;
			defaultConfigurationName = Release;
		};
		50EEA70A1B65429600F8878B /* Build configuration list for PBXNativeTarget "WatchApp Extension" */ = {
			isa = XCConfigurationList;
			buildConfigurations = (
				50EEA70B1B65429600F8878B /* Debug */,
				50EEA70C1B65429600F8878B /* Release */,
			);
			defaultConfigurationIsVisible = 0;
			defaultConfigurationName = Release;
		};
		50EEA70E1B65429600F8878B /* Build configuration list for PBXNativeTarget "WatchApp" */ = {
			isa = XCConfigurationList;
			buildConfigurations = (
				50EEA70F1B65429600F8878B /* Debug */,
				50EEA7101B65429600F8878B /* Release */,
			);
			defaultConfigurationIsVisible = 0;
			defaultConfigurationName = Release;
		};
/* End XCConfigurationList section */
	};
	rootObject = 50EEA6D01B65428B00F8878B /* Project object */;
}
